
Microsoft Visual Studio Solution File, Format Version 12.00
# Visual Studio Version 17
VisualStudioVersion = 17.7.34221.43
MinimumVisualStudioVersion = 10.0.40219.1
Project("{8BC9CEB8-8B4A-11D0-8D11-00A0C91BC942}") = "bolls_drawer", "bolls_drawer\bolls_drawer.vcxproj", "{436D4FB2-73E0-4BDB-BA24-4592889D4BA8}"
EndProject
Global
	GlobalSection(SolutionConfigurationPlatforms) = preSolution
		Debug|x64 = Debug|x64
		Debug|x86 = Debug|x86
		Release|x64 = Release|x64
		Release|x86 = Release|x86
	EndGlobalSection
	GlobalSection(ProjectConfigurationPlatforms) = postSolution
		{436D4FB2-73E0-4BDB-BA24-4592889D4BA8}.Debug|x64.ActiveCfg = Debug|x64
		{436D4FB2-73E0-4BDB-BA24-4592889D4BA8}.Debug|x64.Build.0 = Debug|x64
		{436D4FB2-73E0-4BDB-BA24-4592889D4BA8}.Debug|x86.ActiveCfg = Debug|Win32
		{436D4FB2-73E0-4BDB-BA24-4592889D4BA8}.Debug|x86.Build.0 = Debug|Win32
		{436D4FB2-73E0-4BDB-BA24-4592889D4BA8}.Release|x64.ActiveCfg = Release|x64
		{436D4FB2-73E0-4BDB-BA24-4592889D4BA8}.Release|x64.Build.0 = Release|x64
		{436D4FB2-73E0-4BDB-BA24-4592889D4BA8}.Release|x86.ActiveCfg = Release|Win32
		{436D4FB2-73E0-4BDB-BA24-4592889D4BA8}.Release|x86.Build.0 = Release|Win32
	EndGlobalSection
	GlobalSection(SolutionProperties) = preSolution
		HideSolutionNode = FALSE
	EndGlobalSection
	GlobalSection(ExtensibilityGlobals) = postSolution
		SolutionGuid = {CBA28F69-1843-4FA4-8830-2947735CD446}
	EndGlobalSection
EndGlobal
